
Microsoft Visual Studio Solution File, Format Version 12.00
Project("{FAE04EC0-301F-11D3-BF4B-00C04F79EFBC}") = "CLI", "CLI\CLI.csproj", "{894F3A90-6377-4508-8458-4CB401476DB6}"
EndProject
Project("{FAE04EC0-301F-11D3-BF4B-00C04F79EFBC}") = "SiiParser", "SiiParser\SiiParser.csproj", "{315CA686-B034-44B4-96D6-6C4BCEA95E1F}"
EndProject
Global
	GlobalSection(SolutionConfigurationPlatforms) = preSolution
		Debug|Any CPU = Debug|Any CPU
		Release|Any CPU = Release|Any CPU
	EndGlobalSection
	GlobalSection(ProjectConfigurationPlatforms) = postSolution
		{894F3A90-6377-4508-8458-4CB401476DB6}.Debug|Any CPU.ActiveCfg = Debug|Any CPU
		{894F3A90-6377-4508-8458-4CB401476DB6}.Debug|Any CPU.Build.0 = Debug|Any CPU
		{894F3A90-6377-4508-8458-4CB401476DB6}.Release|Any CPU.ActiveCfg = Release|Any CPU
		{894F3A90-6377-4508-8458-4CB401476DB6}.Release|Any CPU.Build.0 = Release|Any CPU
		{315CA686-B034-44B4-96D6-6C4BCEA95E1F}.Debug|Any CPU.ActiveCfg = Debug|Any CPU
		{315CA686-B034-44B4-96D6-6C4BCEA95E1F}.Debug|Any CPU.Build.0 = Debug|Any CPU
		{315CA686-B034-44B4-96D6-6C4BCEA95E1F}.Release|Any CPU.ActiveCfg = Release|Any CPU
		{315CA686-B034-44B4-96D6-6C4BCEA95E1F}.Release|Any CPU.Build.0 = Release|Any CPU
	EndGlobalSection
EndGlobal
